// !$*UTF8*$!
{
	archiveVersion = 1;
	classes = {
	};
	objectVersion = 46;
	objects = {

/* Begin PBXBuildFile section */
		3B416E1DED169C16909A94D5 /* Pods_miniUITests.framework in Frameworks */ = {isa = PBXBuildFile; fileRef = AEFB188B1A340335B0AA2CA8 /* Pods_miniUITests.framework */; };
		846B40E71ECD712D00973505 /* Assets.xcassets in Resources */ = {isa = PBXBuildFile; fileRef = 846B40E61ECD712D00973505 /* Assets.xcassets */; };
		846B40EA1ECD712D00973505 /* LaunchScreen.storyboard in Resources */ = {isa = PBXBuildFile; fileRef = 846B40E81ECD712D00973505 /* LaunchScreen.storyboard */; };
		846B40F51ECD712D00973505 /* miniTests.swift in Sources */ = {isa = PBXBuildFile; fileRef = 846B40F41ECD712D00973505 /* miniTests.swift */; };
		846B41001ECD712D00973505 /* miniUITests.swift in Sources */ = {isa = PBXBuildFile; fileRef = 846B40FF1ECD712D00973505 /* miniUITests.swift */; };
		846B41261ECD721700973505 /* AppDelegate.swift in Sources */ = {isa = PBXBuildFile; fileRef = 846B411A1ECD721700973505 /* AppDelegate.swift */; };
		846B412A1ECD724300973505 /* Common.swift in Sources */ = {isa = PBXBuildFile; fileRef = 846B41291ECD724300973505 /* Common.swift */; };
		846B412C1ECD76A500973505 /* ZJBaseNavViewController.swift in Sources */ = {isa = PBXBuildFile; fileRef = 846B412B1ECD76A500973505 /* ZJBaseNavViewController.swift */; };
		846B41311ECD786500973505 /* ZJBaseViewController.swift in Sources */ = {isa = PBXBuildFile; fileRef = 846B41301ECD786500973505 /* ZJBaseViewController.swift */; };
		846B41331ECD790300973505 /* ZJNavButton.swift in Sources */ = {isa = PBXBuildFile; fileRef = 846B41321ECD790300973505 /* ZJNavButton.swift */; };
		846B41351ECD813800973505 /* XXColor.swift in Sources */ = {isa = PBXBuildFile; fileRef = 846B41341ECD813800973505 /* XXColor.swift */; };
		846B41371ECD81DA00973505 /* ZJTabBarViewController.swift in Sources */ = {isa = PBXBuildFile; fileRef = 846B41361ECD81DA00973505 /* ZJTabBarViewController.swift */; };
		846B41391ECD83F900973505 /* ZJHomeViewController.swift in Sources */ = {isa = PBXBuildFile; fileRef = 846B41381ECD83F900973505 /* ZJHomeViewController.swift */; };
		846B413B1ECD855900973505 /* UILabel+Extension.swift in Sources */ = {isa = PBXBuildFile; fileRef = 846B413A1ECD855900973505 /* UILabel+Extension.swift */; };
		846B413D1ECD858400973505 /* UIButton+Extension.swift in Sources */ = {isa = PBXBuildFile; fileRef = 846B413C1ECD858400973505 /* UIButton+Extension.swift */; };
		846B413F1ECD917900973505 /* UIImageView+Extension.swift in Sources */ = {isa = PBXBuildFile; fileRef = 846B413E1ECD917900973505 /* UIImageView+Extension.swift */; };
		846B41411ECD92A300973505 /* ZJHomeButton.swift in Sources */ = {isa = PBXBuildFile; fileRef = 846B41401ECD92A300973505 /* ZJHomeButton.swift */; };
		847807461ECE732400E261C1 /* ZJWatchViewController.swift in Sources */ = {isa = PBXBuildFile; fileRef = 847807451ECE732400E261C1 /* ZJWatchViewController.swift */; };
		847807481ECE733000E261C1 /* ZJBloodViewController.swift in Sources */ = {isa = PBXBuildFile; fileRef = 847807471ECE733000E261C1 /* ZJBloodViewController.swift */; };
		8478074C1ECE9BC100E261C1 /* UINavigationController+HMObjcSugar.m in Sources */ = {isa = PBXBuildFile; fileRef = 8478074B1ECE9BC100E261C1 /* UINavigationController+HMObjcSugar.m */; };
		847807531ECEA35700E261C1 /* JKDBHelper.m in Sources */ = {isa = PBXBuildFile; fileRef = 8478074F1ECEA35700E261C1 /* JKDBHelper.m */; };
		847807541ECEA35700E261C1 /* JKDBModel.m in Sources */ = {isa = PBXBuildFile; fileRef = 847807511ECEA35700E261C1 /* JKDBModel.m */; };
		847807551ECEA35700E261C1 /* XRZProtocol_V1.4.3.framework in Frameworks */ = {isa = PBXBuildFile; fileRef = 847807521ECEA35700E261C1 /* XRZProtocol_V1.4.3.framework */; };
		84CEA394D707F23D24BAF017 /* Pods_mini.framework in Frameworks */ = {isa = PBXBuildFile; fileRef = F1E28302B97EF726B1B73369 /* Pods_mini.framework */; };
		88F444DCA224C9CD0D6B4589 /* Pods_miniTests.framework in Frameworks */ = {isa = PBXBuildFile; fileRef = 68029B2F7E54937D4934B73B /* Pods_miniTests.framework */; };
/* End PBXBuildFile section */

/* Begin PBXContainerItemProxy section */
		846B40F11ECD712D00973505 /* PBXContainerItemProxy */ = {
			isa = PBXContainerItemProxy;
			containerPortal = 846B40D41ECD712D00973505 /* Project object */;
			proxyType = 1;
			remoteGlobalIDString = 846B40DB1ECD712D00973505;
			remoteInfo = mini;
		};
		846B40FC1ECD712D00973505 /* PBXContainerItemProxy */ = {
			isa = PBXContainerItemProxy;
			containerPortal = 846B40D41ECD712D00973505 /* Project object */;
			proxyType = 1;
			remoteGlobalIDString = 846B40DB1ECD712D00973505;
			remoteInfo = mini;
		};
/* End PBXContainerItemProxy section */

/* Begin PBXFileReference section */
		090C45BF70B391ABFDF76550 /* Pods-miniTests.release.xcconfig */ = {isa = PBXFileReference; includeInIndex = 1; lastKnownFileType = text.xcconfig; name = "Pods-miniTests.release.xcconfig"; path = "Pods/Target Support Files/Pods-miniTests/Pods-miniTests.release.xcconfig"; sourceTree = "<group>"; };
		23208B19B72BF35C7C521F20 /* Pods-miniUITests.release.xcconfig */ = {isa = PBXFileReference; includeInIndex = 1; lastKnownFileType = text.xcconfig; name = "Pods-miniUITests.release.xcconfig"; path = "Pods/Target Support Files/Pods-miniUITests/Pods-miniUITests.release.xcconfig"; sourceTree = "<group>"; };
		2C58E84D2B45BEA4D483325B /* Pods-mini.release.xcconfig */ = {isa = PBXFileReference; includeInIndex = 1; lastKnownFileType = text.xcconfig; name = "Pods-mini.release.xcconfig"; path = "Pods/Target Support Files/Pods-mini/Pods-mini.release.xcconfig"; sourceTree = "<group>"; };
		68029B2F7E54937D4934B73B /* Pods_miniTests.framework */ = {isa = PBXFileReference; explicitFileType = wrapper.framework; includeInIndex = 0; path = Pods_miniTests.framework; sourceTree = BUILT_PRODUCTS_DIR; };
		73210551D8F17B2B731901E1 /* Pods-miniUITests.debug.xcconfig */ = {isa = PBXFileReference; includeInIndex = 1; lastKnownFileType = text.xcconfig; name = "Pods-miniUITests.debug.xcconfig"; path = "Pods/Target Support Files/Pods-miniUITests/Pods-miniUITests.debug.xcconfig"; sourceTree = "<group>"; };
		846B40DC1ECD712D00973505 /* mini.app */ = {isa = PBXFileReference; explicitFileType = wrapper.application; includeInIndex = 0; path = mini.app; sourceTree = BUILT_PRODUCTS_DIR; };
		846B40E61ECD712D00973505 /* Assets.xcassets */ = {isa = PBXFileReference; lastKnownFileType = folder.assetcatalog; name = Assets.xcassets; path = ../Assets.xcassets; sourceTree = "<group>"; };
		846B40E91ECD712D00973505 /* Base */ = {isa = PBXFileReference; lastKnownFileType = file.storyboard; name = Base; path = Base.lproj/LaunchScreen.storyboard; sourceTree = "<group>"; };
		846B40EB1ECD712D00973505 /* Info.plist */ = {isa = PBXFileReference; lastKnownFileType = text.plist.xml; name = Info.plist; path = ../Info.plist; sourceTree = "<group>"; };
		846B40F01ECD712D00973505 /* miniTests.xctest */ = {isa = PBXFileReference; explicitFileType = wrapper.cfbundle; includeInIndex = 0; path = miniTests.xctest; sourceTree = BUILT_PRODUCTS_DIR; };
		846B40F41ECD712D00973505 /* miniTests.swift */ = {isa = PBXFileReference; lastKnownFileType = sourcecode.swift; path = miniTests.swift; sourceTree = "<group>"; };
		846B40F61ECD712D00973505 /* Info.plist */ = {isa = PBXFileReference; lastKnownFileType = text.plist.xml; path = Info.plist; sourceTree = "<group>"; };
		846B40FB1ECD712D00973505 /* miniUITests.xctest */ = {isa = PBXFileReference; explicitFileType = wrapper.cfbundle; includeInIndex = 0; path = miniUITests.xctest; sourceTree = BUILT_PRODUCTS_DIR; };
		846B40FF1ECD712D00973505 /* miniUITests.swift */ = {isa = PBXFileReference; lastKnownFileType = sourcecode.swift; path = miniUITests.swift; sourceTree = "<group>"; };
		846B41011ECD712D00973505 /* Info.plist */ = {isa = PBXFileReference; lastKnownFileType = text.plist.xml; path = Info.plist; sourceTree = "<group>"; };
		846B411A1ECD721700973505 /* AppDelegate.swift */ = {isa = PBXFileReference; fileEncoding = 4; lastKnownFileType = sourcecode.swift; path = AppDelegate.swift; sourceTree = "<group>"; };
		846B41291ECD724300973505 /* Common.swift */ = {isa = PBXFileReference; fileEncoding = 4; lastKnownFileType = sourcecode.swift; path = Common.swift; sourceTree = "<group>"; };
		846B412B1ECD76A500973505 /* ZJBaseNavViewController.swift */ = {isa = PBXFileReference; fileEncoding = 4; lastKnownFileType = sourcecode.swift; path = ZJBaseNavViewController.swift; sourceTree = "<group>"; };
		846B41301ECD786500973505 /* ZJBaseViewController.swift */ = {isa = PBXFileReference; fileEncoding = 4; lastKnownFileType = sourcecode.swift; path = ZJBaseViewController.swift; sourceTree = "<group>"; };
		846B41321ECD790300973505 /* ZJNavButton.swift */ = {isa = PBXFileReference; fileEncoding = 4; lastKnownFileType = sourcecode.swift; path = ZJNavButton.swift; sourceTree = "<group>"; };
		846B41341ECD813800973505 /* XXColor.swift */ = {isa = PBXFileReference; fileEncoding = 4; lastKnownFileType = sourcecode.swift; path = XXColor.swift; sourceTree = "<group>"; };
		846B41361ECD81DA00973505 /* ZJTabBarViewController.swift */ = {isa = PBXFileReference; fileEncoding = 4; lastKnownFileType = sourcecode.swift; path = ZJTabBarViewController.swift; sourceTree = "<group>"; };
		846B41381ECD83F900973505 /* ZJHomeViewController.swift */ = {isa = PBXFileReference; fileEncoding = 4; lastKnownFileType = sourcecode.swift; path = ZJHomeViewController.swift; sourceTree = "<group>"; };
		846B413A1ECD855900973505 /* UILabel+Extension.swift */ = {isa = PBXFileReference; fileEncoding = 4; lastKnownFileType = sourcecode.swift; path = "UILabel+Extension.swift"; sourceTree = "<group>"; };
		846B413C1ECD858400973505 /* UIButton+Extension.swift */ = {isa = PBXFileReference; fileEncoding = 4; lastKnownFileType = sourcecode.swift; path = "UIButton+Extension.swift"; sourceTree = "<group>"; };
		846B413E1ECD917900973505 /* UIImageView+Extension.swift */ = {isa = PBXFileReference; fileEncoding = 4; lastKnownFileType = sourcecode.swift; path = "UIImageView+Extension.swift"; sourceTree = "<group>"; };
		846B41401ECD92A300973505 /* ZJHomeButton.swift */ = {isa = PBXFileReference; fileEncoding = 4; lastKnownFileType = sourcecode.swift; path = ZJHomeButton.swift; sourceTree = "<group>"; };
		847807451ECE732400E261C1 /* ZJWatchViewController.swift */ = {isa = PBXFileReference; fileEncoding = 4; lastKnownFileType = sourcecode.swift; path = ZJWatchViewController.swift; sourceTree = "<group>"; };
		847807471ECE733000E261C1 /* ZJBloodViewController.swift */ = {isa = PBXFileReference; fileEncoding = 4; lastKnownFileType = sourcecode.swift; path = ZJBloodViewController.swift; sourceTree = "<group>"; };
		847807491ECE9BC000E261C1 /* mini-Bridging-Header.h */ = {isa = PBXFileReference; lastKnownFileType = sourcecode.c.h; path = "mini-Bridging-Header.h"; sourceTree = "<group>"; };
		8478074A1ECE9BC100E261C1 /* UINavigationController+HMObjcSugar.h */ = {isa = PBXFileReference; fileEncoding = 4; lastKnownFileType = sourcecode.c.h; path = "UINavigationController+HMObjcSugar.h"; sourceTree = "<group>"; };
		8478074B1ECE9BC100E261C1 /* UINavigationController+HMObjcSugar.m */ = {isa = PBXFileReference; fileEncoding = 4; lastKnownFileType = sourcecode.c.objc; path = "UINavigationController+HMObjcSugar.m"; sourceTree = "<group>"; };
		8478074E1ECEA35700E261C1 /* JKDBHelper.h */ = {isa = PBXFileReference; fileEncoding = 4; lastKnownFileType = sourcecode.c.h; path = JKDBHelper.h; sourceTree = "<group>"; };
		8478074F1ECEA35700E261C1 /* JKDBHelper.m */ = {isa = PBXFileReference; fileEncoding = 4; lastKnownFileType = sourcecode.c.objc; path = JKDBHelper.m; sourceTree = "<group>"; };
		847807501ECEA35700E261C1 /* JKDBModel.h */ = {isa = PBXFileReference; fileEncoding = 4; lastKnownFileType = sourcecode.c.h; path = JKDBModel.h; sourceTree = "<group>"; };
		847807511ECEA35700E261C1 /* JKDBModel.m */ = {isa = PBXFileReference; fileEncoding = 4; lastKnownFileType = sourcecode.c.objc; path = JKDBModel.m; sourceTree = "<group>"; };
		847807521ECEA35700E261C1 /* XRZProtocol_V1.4.3.framework */ = {isa = PBXFileReference; lastKnownFileType = wrapper.framework; path = XRZProtocol_V1.4.3.framework; sourceTree = "<group>"; };
		AEFB188B1A340335B0AA2CA8 /* Pods_miniUITests.framework */ = {isa = PBXFileReference; explicitFileType = wrapper.framework; includeInIndex = 0; path = Pods_miniUITests.framework; sourceTree = BUILT_PRODUCTS_DIR; };
		BD9B3CE254DE8BA97648623E /* Pods-mini.debug.xcconfig */ = {isa = PBXFileReference; includeInIndex = 1; lastKnownFileType = text.xcconfig; name = "Pods-mini.debug.xcconfig"; path = "Pods/Target Support Files/Pods-mini/Pods-mini.debug.xcconfig"; sourceTree = "<group>"; };
		DE05AC73A768ACFC26097BD4 /* Pods-miniTests.debug.xcconfig */ = {isa = PBXFileReference; includeInIndex = 1; lastKnownFileType = text.xcconfig; name = "Pods-miniTests.debug.xcconfig"; path = "Pods/Target Support Files/Pods-miniTests/Pods-miniTests.debug.xcconfig"; sourceTree = "<group>"; };
		F1E28302B97EF726B1B73369 /* Pods_mini.framework */ = {isa = PBXFileReference; explicitFileType = wrapper.framework; includeInIndex = 0; path = Pods_mini.framework; sourceTree = BUILT_PRODUCTS_DIR; };
/* End PBXFileReference section */

/* Begin PBXFrameworksBuildPhase section */
		846B40D91ECD712D00973505 /* Frameworks */ = {
			isa = PBXFrameworksBuildPhase;
			buildActionMask = 2147483647;
			files = (
				84CEA394D707F23D24BAF017 /* Pods_mini.framework in Frameworks */,
				847807551ECEA35700E261C1 /* XRZProtocol_V1.4.3.framework in Frameworks */,
			);
			runOnlyForDeploymentPostprocessing = 0;
		};
		846B40ED1ECD712D00973505 /* Frameworks */ = {
			isa = PBXFrameworksBuildPhase;
			buildActionMask = 2147483647;
			files = (
				88F444DCA224C9CD0D6B4589 /* Pods_miniTests.framework in Frameworks */,
			);
			runOnlyForDeploymentPostprocessing = 0;
		};
		846B40F81ECD712D00973505 /* Frameworks */ = {
			isa = PBXFrameworksBuildPhase;
			buildActionMask = 2147483647;
			files = (
				3B416E1DED169C16909A94D5 /* Pods_miniUITests.framework in Frameworks */,
			);
			runOnlyForDeploymentPostprocessing = 0;
		};
/* End PBXFrameworksBuildPhase section */

/* Begin PBXGroup section */
		4B05E7A2816C00C781E69B73 /* Pods */ = {
			isa = PBXGroup;
			children = (
				BD9B3CE254DE8BA97648623E /* Pods-mini.debug.xcconfig */,
				2C58E84D2B45BEA4D483325B /* Pods-mini.release.xcconfig */,
				DE05AC73A768ACFC26097BD4 /* Pods-miniTests.debug.xcconfig */,
				090C45BF70B391ABFDF76550 /* Pods-miniTests.release.xcconfig */,
				73210551D8F17B2B731901E1 /* Pods-miniUITests.debug.xcconfig */,
				23208B19B72BF35C7C521F20 /* Pods-miniUITests.release.xcconfig */,
			);
			name = Pods;
			sourceTree = "<group>";
		};
		846B40D31ECD712D00973505 = {
			isa = PBXGroup;
			children = (
				846B40DE1ECD712D00973505 /* mini */,
				846B40F31ECD712D00973505 /* miniTests */,
				846B40FE1ECD712D00973505 /* miniUITests */,
				846B40DD1ECD712D00973505 /* Products */,
				4B05E7A2816C00C781E69B73 /* Pods */,
				9EEBB3FD7F995AB1A45BE3DD /* Frameworks */,
			);
			sourceTree = "<group>";
		};
		846B40DD1ECD712D00973505 /* Products */ = {
			isa = PBXGroup;
			children = (
				846B40DC1ECD712D00973505 /* mini.app */,
				846B40F01ECD712D00973505 /* miniTests.xctest */,
				846B40FB1ECD712D00973505 /* miniUITests.xctest */,
			);
			name = Products;
			sourceTree = "<group>";
		};
		846B40DE1ECD712D00973505 /* mini */ = {
			isa = PBXGroup;
			children = (
				846B410D1ECD721700973505 /* Classes */,
				846B41241ECD721700973505 /* Common */,
				846B41251ECD721700973505 /* SuportingFiles */,
			);
			path = mini;
			sourceTree = "<group>";
		};
		846B40F31ECD712D00973505 /* miniTests */ = {
			isa = PBXGroup;
			children = (
				846B40F41ECD712D00973505 /* miniTests.swift */,
				846B40F61ECD712D00973505 /* Info.plist */,
			);
			path = miniTests;
			sourceTree = "<group>";
		};
		846B40FE1ECD712D00973505 /* miniUITests */ = {
			isa = PBXGroup;
			children = (
				846B40FF1ECD712D00973505 /* miniUITests.swift */,
				846B41011ECD712D00973505 /* Info.plist */,
			);
			path = miniUITests;
			sourceTree = "<group>";
		};
		846B410D1ECD721700973505 /* Classes */ = {
			isa = PBXGroup;
			children = (
				846B410E1ECD721700973505 /* Blood */,
				846B41121ECD721700973505 /* Home */,
				846B41161ECD721700973505 /* Main */,
				846B411C1ECD721700973505 /* Seting */,
				846B41201ECD721700973505 /* Watch */,
			);
			path = Classes;
			sourceTree = "<group>";
		};
		846B410E1ECD721700973505 /* Blood */ = {
			isa = PBXGroup;
			children = (
				846B410F1ECD721700973505 /* Controller */,
				846B41101ECD721700973505 /* Model */,
				846B41111ECD721700973505 /* View */,
			);
			path = Blood;
			sourceTree = "<group>";
		};
		846B410F1ECD721700973505 /* Controller */ = {
			isa = PBXGroup;
			children = (
				847807471ECE733000E261C1 /* ZJBloodViewController.swift */,
			);
			path = Controller;
			sourceTree = "<group>";
		};
		846B41101ECD721700973505 /* Model */ = {
			isa = PBXGroup;
			children = (
			);
			path = Model;
			sourceTree = "<group>";
		};
		846B41111ECD721700973505 /* View */ = {
			isa = PBXGroup;
			children = (
			);
			path = View;
			sourceTree = "<group>";
		};
		846B41121ECD721700973505 /* Home */ = {
			isa = PBXGroup;
			children = (
				846B41131ECD721700973505 /* Controller */,
				846B41141ECD721700973505 /* Model */,
				846B41151ECD721700973505 /* View */,
			);
			path = Home;
			sourceTree = "<group>";
		};
		846B41131ECD721700973505 /* Controller */ = {
			isa = PBXGroup;
			children = (
			);
			path = Controller;
			sourceTree = "<group>";
		};
		846B41141ECD721700973505 /* Model */ = {
			isa = PBXGroup;
			children = (
			);
			path = Model;
			sourceTree = "<group>";
		};
		846B41151ECD721700973505 /* View */ = {
			isa = PBXGroup;
			children = (
			);
			path = View;
			sourceTree = "<group>";
		};
		846B41161ECD721700973505 /* Main */ = {
			isa = PBXGroup;
			children = (
				846B41171ECD721700973505 /* Controller */,
				846B41181ECD721700973505 /* Model */,
				846B41191ECD721700973505 /* Other */,
				846B411B1ECD721700973505 /* View */,
			);
			path = Main;
			sourceTree = "<group>";
		};
		846B41171ECD721700973505 /* Controller */ = {
			isa = PBXGroup;
			children = (
				846B412B1ECD76A500973505 /* ZJBaseNavViewController.swift */,
				846B41361ECD81DA00973505 /* ZJTabBarViewController.swift */,
				846B41381ECD83F900973505 /* ZJHomeViewController.swift */,
			);
			path = Controller;
			sourceTree = "<group>";
		};
		846B41181ECD721700973505 /* Model */ = {
			isa = PBXGroup;
			children = (
			);
			path = Model;
			sourceTree = "<group>";
		};
		846B41191ECD721700973505 /* Other */ = {
			isa = PBXGroup;
			children = (
				846B412F1ECD785400973505 /* extension */,
				846B411A1ECD721700973505 /* AppDelegate.swift */,
			);
			path = Other;
			sourceTree = "<group>";
		};
		846B411B1ECD721700973505 /* View */ = {
			isa = PBXGroup;
			children = (
				846B41321ECD790300973505 /* ZJNavButton.swift */,
				846B41401ECD92A300973505 /* ZJHomeButton.swift */,
			);
			path = View;
			sourceTree = "<group>";
		};
		846B411C1ECD721700973505 /* Seting */ = {
			isa = PBXGroup;
			children = (
				846B411D1ECD721700973505 /* Controller */,
				846B411E1ECD721700973505 /* Model */,
				846B411F1ECD721700973505 /* View */,
			);
			path = Seting;
			sourceTree = "<group>";
		};
		846B411D1ECD721700973505 /* Controller */ = {
			isa = PBXGroup;
			children = (
			);
			path = Controller;
			sourceTree = "<group>";
		};
		846B411E1ECD721700973505 /* Model */ = {
			isa = PBXGroup;
			children = (
			);
			path = Model;
			sourceTree = "<group>";
		};
		846B411F1ECD721700973505 /* View */ = {
			isa = PBXGroup;
			children = (
			);
			path = View;
			sourceTree = "<group>";
		};
		846B41201ECD721700973505 /* Watch */ = {
			isa = PBXGroup;
			children = (
				846B41211ECD721700973505 /* Controller */,
				846B41221ECD721700973505 /* Model */,
				846B41231ECD721700973505 /* View */,
			);
			path = Watch;
			sourceTree = "<group>";
		};
		846B41211ECD721700973505 /* Controller */ = {
			isa = PBXGroup;
			children = (
				847807451ECE732400E261C1 /* ZJWatchViewController.swift */,
			);
			path = Controller;
			sourceTree = "<group>";
		};
		846B41221ECD721700973505 /* Model */ = {
			isa = PBXGroup;
			children = (
			);
			path = Model;
			sourceTree = "<group>";
		};
		846B41231ECD721700973505 /* View */ = {
			isa = PBXGroup;
			children = (
			);
			path = View;
			sourceTree = "<group>";
		};
		846B41241ECD721700973505 /* Common */ = {
			isa = PBXGroup;
			children = (
				8478074D1ECEA35700E261C1 /* DBModel */,
				847807521ECEA35700E261C1 /* XRZProtocol_V1.4.3.framework */,
				8478074A1ECE9BC100E261C1 /* UINavigationController+HMObjcSugar.h */,
				8478074B1ECE9BC100E261C1 /* UINavigationController+HMObjcSugar.m */,
				847807491ECE9BC000E261C1 /* mini-Bridging-Header.h */,
			);
			path = Common;
			sourceTree = "<group>";
		};
		846B41251ECD721700973505 /* SuportingFiles */ = {
			isa = PBXGroup;
			children = (
				846B40E61ECD712D00973505 /* Assets.xcassets */,
				846B40E81ECD712D00973505 /* LaunchScreen.storyboard */,
				846B40EB1ECD712D00973505 /* Info.plist */,
				846B41291ECD724300973505 /* Common.swift */,
			);
			path = SuportingFiles;
			sourceTree = "<group>";
		};
		846B412F1ECD785400973505 /* extension */ = {
			isa = PBXGroup;
			children = (
				846B413A1ECD855900973505 /* UILabel+Extension.swift */,
				846B413C1ECD858400973505 /* UIButton+Extension.swift */,
				846B413E1ECD917900973505 /* UIImageView+Extension.swift */,
				846B41341ECD813800973505 /* XXColor.swift */,
				846B41301ECD786500973505 /* ZJBaseViewController.swift */,
			);
			path = extension;
			sourceTree = "<group>";
		};
		8478074D1ECEA35700E261C1 /* DBModel */ = {
			isa = PBXGroup;
			children = (
				8478074E1ECEA35700E261C1 /* JKDBHelper.h */,
				8478074F1ECEA35700E261C1 /* JKDBHelper.m */,
				847807501ECEA35700E261C1 /* JKDBModel.h */,
				847807511ECEA35700E261C1 /* JKDBModel.m */,
			);
			path = DBModel;
			sourceTree = "<group>";
		};
		9EEBB3FD7F995AB1A45BE3DD /* Frameworks */ = {
			isa = PBXGroup;
			children = (
				F1E28302B97EF726B1B73369 /* Pods_mini.framework */,
				68029B2F7E54937D4934B73B /* Pods_miniTests.framework */,
				AEFB188B1A340335B0AA2CA8 /* Pods_miniUITests.framework */,
			);
			name = Frameworks;
			sourceTree = "<group>";
		};
/* End PBXGroup section */

/* Begin PBXNativeTarget section */
		846B40DB1ECD712D00973505 /* mini */ = {
			isa = PBXNativeTarget;
			buildConfigurationList = 846B41041ECD712E00973505 /* Build configuration list for PBXNativeTarget "mini" */;
			buildPhases = (
				90DBA54AD1272EABEC3EE223 /* [CP] Check Pods Manifest.lock */,
				846B40D81ECD712D00973505 /* Sources */,
				846B40D91ECD712D00973505 /* Frameworks */,
				846B40DA1ECD712D00973505 /* Resources */,
				0DA2B216BEF78331AD5FD20E /* [CP] Embed Pods Frameworks */,
				71422AD4F1BBA27D3932EA9D /* [CP] Copy Pods Resources */,
			);
			buildRules = (
			);
			dependencies = (
			);
			name = mini;
			productName = mini;
			productReference = 846B40DC1ECD712D00973505 /* mini.app */;
			productType = "com.apple.product-type.application";
		};
		846B40EF1ECD712D00973505 /* miniTests */ = {
			isa = PBXNativeTarget;
			buildConfigurationList = 846B41071ECD712E00973505 /* Build configuration list for PBXNativeTarget "miniTests" */;
			buildPhases = (
				8B330F9EC9EDF34CBDB0E32D /* [CP] Check Pods Manifest.lock */,
				846B40EC1ECD712D00973505 /* Sources */,
				846B40ED1ECD712D00973505 /* Frameworks */,
				846B40EE1ECD712D00973505 /* Resources */,
				0DAA8651A10FE04C4677D8C5 /* [CP] Embed Pods Frameworks */,
				A757002A3F1E6CAD53DA8F1A /* [CP] Copy Pods Resources */,
			);
			buildRules = (
			);
			dependencies = (
				846B40F21ECD712D00973505 /* PBXTargetDependency */,
			);
			name = miniTests;
			productName = miniTests;
			productReference = 846B40F01ECD712D00973505 /* miniTests.xctest */;
			productType = "com.apple.product-type.bundle.unit-test";
		};
		846B40FA1ECD712D00973505 /* miniUITests */ = {
			isa = PBXNativeTarget;
			buildConfigurationList = 846B410A1ECD712E00973505 /* Build configuration list for PBXNativeTarget "miniUITests" */;
			buildPhases = (
				8F9284B5EDE12956E15C908E /* [CP] Check Pods Manifest.lock */,
				846B40F71ECD712D00973505 /* Sources */,
				846B40F81ECD712D00973505 /* Frameworks */,
				846B40F91ECD712D00973505 /* Resources */,
				0C5E160DDDD502510A55CDE2 /* [CP] Embed Pods Frameworks */,
				771F21FBE6F43A7053771234 /* [CP] Copy Pods Resources */,
			);
			buildRules = (
			);
			dependencies = (
				846B40FD1ECD712D00973505 /* PBXTargetDependency */,
			);
			name = miniUITests;
			productName = miniUITests;
			productReference = 846B40FB1ECD712D00973505 /* miniUITests.xctest */;
			productType = "com.apple.product-type.bundle.ui-testing";
		};
/* End PBXNativeTarget section */

/* Begin PBXProject section */
		846B40D41ECD712D00973505 /* Project object */ = {
			isa = PBXProject;
			attributes = {
				CLASSPREFIX = ZJ;
				LastSwiftUpdateCheck = 0830;
				LastUpgradeCheck = 0830;
				ORGANIZATIONNAME = Mac;
				TargetAttributes = {
					846B40DB1ECD712D00973505 = {
						CreatedOnToolsVersion = 8.3.2;
						DevelopmentTeam = US722QWU8P;
						LastSwiftMigration = 0830;
						ProvisioningStyle = Automatic;
					};
					846B40EF1ECD712D00973505 = {
						CreatedOnToolsVersion = 8.3.2;
						DevelopmentTeam = US722QWU8P;
						ProvisioningStyle = Automatic;
						TestTargetID = 846B40DB1ECD712D00973505;
					};
					846B40FA1ECD712D00973505 = {
						CreatedOnToolsVersion = 8.3.2;
						DevelopmentTeam = US722QWU8P;
						ProvisioningStyle = Automatic;
						TestTargetID = 846B40DB1ECD712D00973505;
					};
				};
			};
			buildConfigurationList = 846B40D71ECD712D00973505 /* Build configuration list for PBXProject "mini" */;
			compatibilityVersion = "Xcode 3.2";
			developmentRegion = English;
			hasScannedForEncodings = 0;
			knownRegions = (
				en,
				Base,
			);
			mainGroup = 846B40D31ECD712D00973505;
			productRefGroup = 846B40DD1ECD712D00973505 /* Products */;
			projectDirPath = "";
			projectRoot = "";
			targets = (
				846B40DB1ECD712D00973505 /* mini */,
				846B40EF1ECD712D00973505 /* miniTests */,
				846B40FA1ECD712D00973505 /* miniUITests */,
			);
		};
/* End PBXProject section */

/* Begin PBXResourcesBuildPhase section */
		846B40DA1ECD712D00973505 /* Resources */ = {
			isa = PBXResourcesBuildPhase;
			buildActionMask = 2147483647;
			files = (
				846B40EA1ECD712D00973505 /* LaunchScreen.storyboard in Resources */,
				846B40E71ECD712D00973505 /* Assets.xcassets in Resources */,
			);
			runOnlyForDeploymentPostprocessing = 0;
		};
		846B40EE1ECD712D00973505 /* Resources */ = {
			isa = PBXResourcesBuildPhase;
			buildActionMask = 2147483647;
			files = (
			);
			runOnlyForDeploymentPostprocessing = 0;
		};
		846B40F91ECD712D00973505 /* Resources */ = {
			isa = PBXResourcesBuildPhase;
			buildActionMask = 2147483647;
			files = (
			);
			runOnlyForDeploymentPostprocessing = 0;
		};
/* End PBXResourcesBuildPhase section */

/* Begin PBXShellScriptBuildPhase section */
		0C5E160DDDD502510A55CDE2 /* [CP] Embed Pods Frameworks */ = {
			isa = PBXShellScriptBuildPhase;
			buildActionMask = 2147483647;
			files = (
			);
			inputPaths = (
			);
			name = "[CP] Embed Pods Frameworks";
			outputPaths = (
			);
			runOnlyForDeploymentPostprocessing = 0;
			shellPath = /bin/sh;
			shellScript = "\"${SRCROOT}/Pods/Target Support Files/Pods-miniUITests/Pods-miniUITests-frameworks.sh\"\n";
			showEnvVarsInLog = 0;
		};
		0DA2B216BEF78331AD5FD20E /* [CP] Embed Pods Frameworks */ = {
			isa = PBXShellScriptBuildPhase;
			buildActionMask = 2147483647;
			files = (
			);
			inputPaths = (
			);
			name = "[CP] Embed Pods Frameworks";
			outputPaths = (
			);
			runOnlyForDeploymentPostprocessing = 0;
			shellPath = /bin/sh;
			shellScript = "\"${SRCROOT}/Pods/Target Support Files/Pods-mini/Pods-mini-frameworks.sh\"\n";
			showEnvVarsInLog = 0;
		};
		0DAA8651A10FE04C4677D8C5 /* [CP] Embed Pods Frameworks */ = {
			isa = PBXShellScriptBuildPhase;
			buildActionMask = 2147483647;
			files = (
			);
			inputPaths = (
			);
			name = "[CP] Embed Pods Frameworks";
			outputPaths = (
			);
			runOnlyForDeploymentPostprocessing = 0;
			shellPath = /bin/sh;
			shellScript = "\"${SRCROOT}/Pods/Target Support Files/Pods-miniTests/Pods-miniTests-frameworks.sh\"\n";
			showEnvVarsInLog = 0;
		};
		71422AD4F1BBA27D3932EA9D /* [CP] Copy Pods Resources */ = {
			isa = PBXShellScriptBuildPhase;
			buildActionMask = 2147483647;
			files = (
			);
			inputPaths = (
			);
			name = "[CP] Copy Pods Resources";
			outputPaths = (
			);
			runOnlyForDeploymentPostprocessing = 0;
			shellPath = /bin/sh;
			shellScript = "\"${SRCROOT}/Pods/Target Support Files/Pods-mini/Pods-mini-resources.sh\"\n";
			showEnvVarsInLog = 0;
		};
		771F21FBE6F43A7053771234 /* [CP] Copy Pods Resources */ = {
			isa = PBXShellScriptBuildPhase;
			buildActionMask = 2147483647;
			files = (
			);
			inputPaths = (
			);
			name = "[CP] Copy Pods Resources";
			outputPaths = (
			);
			runOnlyForDeploymentPostprocessing = 0;
			shellPath = /bin/sh;
			shellScript = "\"${SRCROOT}/Pods/Target Support Files/Pods-miniUITests/Pods-miniUITests-resources.sh\"\n";
			showEnvVarsInLog = 0;
		};
		8B330F9EC9EDF34CBDB0E32D /* [CP] Check Pods Manifest.lock */ = {
			isa = PBXShellScriptBuildPhase;
			buildActionMask = 2147483647;
			files = (
			);
			inputPaths = (
			);
			name = "[CP] Check Pods Manifest.lock";
			outputPaths = (
			);
			runOnlyForDeploymentPostprocessing = 0;
			shellPath = /bin/sh;
			shellScript = "diff \"${PODS_ROOT}/../Podfile.lock\" \"${PODS_ROOT}/Manifest.lock\" > /dev/null\nif [ $? != 0 ] ; then\n    # print error to STDERR\n    echo \"error: The sandbox is not in sync with the Podfile.lock. Run 'pod install' or update your CocoaPods installation.\" >&2\n    exit 1\nfi\n";
			showEnvVarsInLog = 0;
		};
		8F9284B5EDE12956E15C908E /* [CP] Check Pods Manifest.lock */ = {
			isa = PBXShellScriptBuildPhase;
			buildActionMask = 2147483647;
			files = (
			);
			inputPaths = (
			);
			name = "[CP] Check Pods Manifest.lock";
			outputPaths = (
			);
			runOnlyForDeploymentPostprocessing = 0;
			shellPath = /bin/sh;
			shellScript = "diff \"${PODS_ROOT}/../Podfile.lock\" \"${PODS_ROOT}/Manifest.lock\" > /dev/null\nif [ $? != 0 ] ; then\n    # print error to STDERR\n    echo \"error: The sandbox is not in sync with the Podfile.lock. Run 'pod install' or update your CocoaPods installation.\" >&2\n    exit 1\nfi\n";
			showEnvVarsInLog = 0;
		};
		90DBA54AD1272EABEC3EE223 /* [CP] Check Pods Manifest.lock */ = {
			isa = PBXShellScriptBuildPhase;
			buildActionMask = 2147483647;
			files = (
			);
			inputPaths = (
			);
			name = "[CP] Check Pods Manifest.lock";
			outputPaths = (
			);
			runOnlyForDeploymentPostprocessing = 0;
			shellPath = /bin/sh;
			shellScript = "diff \"${PODS_ROOT}/../Podfile.lock\" \"${PODS_ROOT}/Manifest.lock\" > /dev/null\nif [ $? != 0 ] ; then\n    # print error to STDERR\n    echo \"error: The sandbox is not in sync with the Podfile.lock. Run 'pod install' or update your CocoaPods installation.\" >&2\n    exit 1\nfi\n";
			showEnvVarsInLog = 0;
		};
		A757002A3F1E6CAD53DA8F1A /* [CP] Copy Pods Resources */ = {
			isa = PBXShellScriptBuildPhase;
			buildActionMask = 2147483647;
			files = (
			);
			inputPaths = (
			);
			name = "[CP] Copy Pods Resources";
			outputPaths = (
			);
			runOnlyForDeploymentPostprocessing = 0;
			shellPath = /bin/sh;
			shellScript = "\"${SRCROOT}/Pods/Target Support Files/Pods-miniTests/Pods-miniTests-resources.sh\"\n";
			showEnvVarsInLog = 0;
		};
/* End PBXShellScriptBuildPhase section */

/* Begin PBXSourcesBuildPhase section */
		846B40D81ECD712D00973505 /* Sources */ = {
			isa = PBXSourcesBuildPhase;
			buildActionMask = 2147483647;
			files = (
				846B412A1ECD724300973505 /* Common.swift in Sources */,
				846B41391ECD83F900973505 /* ZJHomeViewController.swift in Sources */,
				847807531ECEA35700E261C1 /* JKDBHelper.m in Sources */,
				846B41331ECD790300973505 /* ZJNavButton.swift in Sources */,
				847807541ECEA35700E261C1 /* JKDBModel.m in Sources */,
				846B413D1ECD858400973505 /* UIButton+Extension.swift in Sources */,
				846B412C1ECD76A500973505 /* ZJBaseNavViewController.swift in Sources */,
				846B41351ECD813800973505 /* XXColor.swift in Sources */,
				8478074C1ECE9BC100E261C1 /* UINavigationController+HMObjcSugar.m in Sources */,
				846B41371ECD81DA00973505 /* ZJTabBarViewController.swift in Sources */,
				846B413F1ECD917900973505 /* UIImageView+Extension.swift in Sources */,
				846B41261ECD721700973505 /* AppDelegate.swift in Sources */,
				847807481ECE733000E261C1 /* ZJBloodViewController.swift in Sources */,
				846B41311ECD786500973505 /* ZJBaseViewController.swift in Sources */,
				846B41411ECD92A300973505 /* ZJHomeButton.swift in Sources */,
				847807461ECE732400E261C1 /* ZJWatchViewController.swift in Sources */,
				846B413B1ECD855900973505 /* UILabel+Extension.swift in Sources */,
			);
			runOnlyForDeploymentPostprocessing = 0;
		};
		846B40EC1ECD712D00973505 /* Sources */ = {
			isa = PBXSourcesBuildPhase;
			buildActionMask = 2147483647;
			files = (
				846B40F51ECD712D00973505 /* miniTests.swift in Sources */,
			);
			runOnlyForDeploymentPostprocessing = 0;
		};
		846B40F71ECD712D00973505 /* Sources */ = {
			isa = PBXSourcesBuildPhase;
			buildActionMask = 2147483647;
			files = (
				846B41001ECD712D00973505 /* miniUITests.swift in Sources */,
			);
			runOnlyForDeploymentPostprocessing = 0;
		};
/* End PBXSourcesBuildPhase section */

/* Begin PBXTargetDependency section */
		846B40F21ECD712D00973505 /* PBXTargetDependency */ = {
			isa = PBXTargetDependency;
			target = 846B40DB1ECD712D00973505 /* mini */;
			targetProxy = 846B40F11ECD712D00973505 /* PBXContainerItemProxy */;
		};
		846B40FD1ECD712D00973505 /* PBXTargetDependency */ = {
			isa = PBXTargetDependency;
			target = 846B40DB1ECD712D00973505 /* mini */;
			targetProxy = 846B40FC1ECD712D00973505 /* PBXContainerItemProxy */;
		};
/* End PBXTargetDependency section */

/* Begin PBXVariantGroup section */
		846B40E81ECD712D00973505 /* LaunchScreen.storyboard */ = {
			isa = PBXVariantGroup;
			children = (
				846B40E91ECD712D00973505 /* Base */,
			);
			name = LaunchScreen.storyboard;
			path = ..;
			sourceTree = "<group>";
		};
/* End PBXVariantGroup section */

/* Begin XCBuildConfiguration section */
		846B41021ECD712E00973505 /* Debug */ = {
			isa = XCBuildConfiguration;
			buildSettings = {
				ALWAYS_SEARCH_USER_PATHS = NO;
				CLANG_ANALYZER_NONNULL = YES;
				CLANG_ANALYZER_NUMBER_OBJECT_CONVERSION = YES_AGGRESSIVE;
				CLANG_CXX_LANGUAGE_STANDARD = "gnu++0x";
				CLANG_CXX_LIBRARY = "libc++";
				CLANG_ENABLE_MODULES = YES;
				CLANG_ENABLE_OBJC_ARC = YES;
				CLANG_WARN_BOOL_CONVERSION = YES;
				CLANG_WARN_CONSTANT_CONVERSION = YES;
				CLANG_WARN_DIRECT_OBJC_ISA_USAGE = YES_ERROR;
				CLANG_WARN_DOCUMENTATION_COMMENTS = YES;
				CLANG_WARN_EMPTY_BODY = YES;
				CLANG_WARN_ENUM_CONVERSION = YES;
				CLANG_WARN_INFINITE_RECURSION = YES;
				CLANG_WARN_INT_CONVERSION = YES;
				CLANG_WARN_OBJC_ROOT_CLASS = YES_ERROR;
				CLANG_WARN_SUSPICIOUS_MOVE = YES;
				CLANG_WARN_UNREACHABLE_CODE = YES;
				CLANG_WARN__DUPLICATE_METHOD_MATCH = YES;
				"CODE_SIGN_IDENTITY[sdk=iphoneos*]" = "iPhone Developer";
				COPY_PHASE_STRIP = NO;
				DEBUG_INFORMATION_FORMAT = dwarf;
				ENABLE_STRICT_OBJC_MSGSEND = YES;
				ENABLE_TESTABILITY = YES;
				GCC_C_LANGUAGE_STANDARD = gnu99;
				GCC_DYNAMIC_NO_PIC = NO;
				GCC_NO_COMMON_BLOCKS = YES;
				GCC_OPTIMIZATION_LEVEL = 0;
				GCC_PREPROCESSOR_DEFINITIONS = (
					"DEBUG=1",
					"$(inherited)",
				);
				GCC_WARN_64_TO_32_BIT_CONVERSION = YES;
				GCC_WARN_ABOUT_RETURN_TYPE = YES_ERROR;
				GCC_WARN_UNDECLARED_SELECTOR = YES;
				GCC_WARN_UNINITIALIZED_AUTOS = YES_AGGRESSIVE;
				GCC_WARN_UNUSED_FUNCTION = YES;
				GCC_WARN_UNUSED_VARIABLE = YES;
				IPHONEOS_DEPLOYMENT_TARGET = 10.3;
				MTL_ENABLE_DEBUG_INFO = YES;
				ONLY_ACTIVE_ARCH = YES;
				SDKROOT = iphoneos;
				SWIFT_ACTIVE_COMPILATION_CONDITIONS = DEBUG;
				SWIFT_OPTIMIZATION_LEVEL = "-Onone";
			};
			name = Debug;
		};
		846B41031ECD712E00973505 /* Release */ = {
			isa = XCBuildConfiguration;
			buildSettings = {
				ALWAYS_SEARCH_USER_PATHS = NO;
				CLANG_ANALYZER_NONNULL = YES;
				CLANG_ANALYZER_NUMBER_OBJECT_CONVERSION = YES_AGGRESSIVE;
				CLANG_CXX_LANGUAGE_STANDARD = "gnu++0x";
				CLANG_CXX_LIBRARY = "libc++";
				CLANG_ENABLE_MODULES = YES;
				CLANG_ENABLE_OBJC_ARC = YES;
				CLANG_WARN_BOOL_CONVERSION = YES;
				CLANG_WARN_CONSTANT_CONVERSION = YES;
				CLANG_WARN_DIRECT_OBJC_ISA_USAGE = YES_ERROR;
				CLANG_WARN_DOCUMENTATION_COMMENTS = YES;
				CLANG_WARN_EMPTY_BODY = YES;
				CLANG_WARN_ENUM_CONVERSION = YES;
				CLANG_WARN_INFINITE_RECURSION = YES;
				CLANG_WARN_INT_CONVERSION = YES;
				CLANG_WARN_OBJC_ROOT_CLASS = YES_ERROR;
				CLANG_WARN_SUSPICIOUS_MOVE = YES;
				CLANG_WARN_UNREACHABLE_CODE = YES;
				CLANG_WARN__DUPLICATE_METHOD_MATCH = YES;
				"CODE_SIGN_IDENTITY[sdk=iphoneos*]" = "iPhone Developer";
				COPY_PHASE_STRIP = NO;
				DEBUG_INFORMATION_FORMAT = "dwarf-with-dsym";
				ENABLE_NS_ASSERTIONS = NO;
				ENABLE_STRICT_OBJC_MSGSEND = YES;
				GCC_C_LANGUAGE_STANDARD = gnu99;
				GCC_NO_COMMON_BLOCKS = YES;
				GCC_WARN_64_TO_32_BIT_CONVERSION = YES;
				GCC_WARN_ABOUT_RETURN_TYPE = YES_ERROR;
				GCC_WARN_UNDECLARED_SELECTOR = YES;
				GCC_WARN_UNINITIALIZED_AUTOS = YES_AGGRESSIVE;
				GCC_WARN_UNUSED_FUNCTION = YES;
				GCC_WARN_UNUSED_VARIABLE = YES;
				IPHONEOS_DEPLOYMENT_TARGET = 10.3;
				MTL_ENABLE_DEBUG_INFO = NO;
				SDKROOT = iphoneos;
				SWIFT_OPTIMIZATION_LEVEL = "-Owholemodule";
				VALIDATE_PRODUCT = YES;
			};
			name = Release;
		};
		846B41051ECD712E00973505 /* Debug */ = {
			isa = XCBuildConfiguration;
			baseConfigurationReference = BD9B3CE254DE8BA97648623E /* Pods-mini.debug.xcconfig */;
			buildSettings = {
				ASSETCATALOG_COMPILER_APPICON_NAME = AppIcon;
				CLANG_ENABLE_MODULES = YES;
				DEVELOPMENT_TEAM = US722QWU8P;
				FRAMEWORK_SEARCH_PATHS = (
					"$(inherited)",
					"$(PROJECT_DIR)/mini/Common",
				);
				INFOPLIST_FILE = mini/Info.plist;
				IPHONEOS_DEPLOYMENT_TARGET = 9.1;
				LD_RUNPATH_SEARCH_PATHS = "$(inherited) @executable_path/Frameworks";
				PRODUCT_BUNDLE_IDENTIFIER = cn.remoteHorizonRobot.www.mini;
				PRODUCT_NAME = "$(TARGET_NAME)";
				SWIFT_OBJC_BRIDGING_HEADER = "mini/Common/mini-Bridging-Header.h";
				SWIFT_OPTIMIZATION_LEVEL = "-Onone";
				SWIFT_VERSION = 3.0;
			};
			name = Debug;
		};
		846B41061ECD712E00973505 /* Release */ = {
			isa = XCBuildConfiguration;
			baseConfigurationReference = 2C58E84D2B45BEA4D483325B /* Pods-mini.release.xcconfig */;
			buildSettings = {
				ASSETCATALOG_COMPILER_APPICON_NAME = AppIcon;
				CLANG_ENABLE_MODULES = YES;
				DEVELOPMENT_TEAM = US722QWU8P;
				FRAMEWORK_SEARCH_PATHS = (
					"$(inherited)",
					"$(PROJECT_DIR)/mini/Common",
				);
				INFOPLIST_FILE = mini/Info.plist;
				IPHONEOS_DEPLOYMENT_TARGET = 9.1;
				LD_RUNPATH_SEARCH_PATHS = "$(inherited) @executable_path/Frameworks";
				PRODUCT_BUNDLE_IDENTIFIER = cn.remoteHorizonRobot.www.mini;
				PRODUCT_NAME = "$(TARGET_NAME)";
				SWIFT_OBJC_BRIDGING_HEADER = "mini/Common/mini-Bridging-Header.h";
				SWIFT_VERSION = 3.0;
			};
			name = Release;
		};
		846B41081ECD712E00973505 /* Debug */ = {
			isa = XCBuildConfiguration;
			baseConfigurationReference = DE05AC73A768ACFC26097BD4 /* Pods-miniTests.debug.xcconfig */;
			buildSettings = {
				ALWAYS_EMBED_SWIFT_STANDARD_LIBRARIES = YES;
				BUNDLE_LOADER = "$(TEST_HOST)";
				DEVELOPMENT_TEAM = US722QWU8P;
				INFOPLIST_FILE = miniTests/Info.plist;
				LD_RUNPATH_SEARCH_PATHS = "$(inherited) @executable_path/Frameworks @loader_path/Frameworks";
				PRODUCT_BUNDLE_IDENTIFIER = cn.remoteHorizonRobot.www.miniTests;
				PRODUCT_NAME = "$(TARGET_NAME)";
				SWIFT_VERSION = 3.0;
				TEST_HOST = "$(BUILT_PRODUCTS_DIR)/mini.app/mini";
			};
			name = Debug;
		};
		846B41091ECD712E00973505 /* Release */ = {
			isa = XCBuildConfiguration;
			baseConfigurationReference = 090C45BF70B391ABFDF76550 /* Pods-miniTests.release.xcconfig */;
			buildSettings = {
				ALWAYS_EMBED_SWIFT_STANDARD_LIBRARIES = YES;
				BUNDLE_LOADER = "$(TEST_HOST)";
				DEVELOPMENT_TEAM = US722QWU8P;
				INFOPLIST_FILE = miniTests/Info.plist;
				LD_RUNPATH_SEARCH_PATHS = "$(inherited) @executable_path/Frameworks @loader_path/Frameworks";
				PRODUCT_BUNDLE_IDENTIFIER = cn.remoteHorizonRobot.www.miniTests;
				PRODUCT_NAME = "$(TARGET_NAME)";
				SWIFT_VERSION = 3.0;
				TEST_HOST = "$(BUILT_PRODUCTS_DIR)/mini.app/mini";
			};
			name = Release;
		};
		846B410B1ECD712E00973505 /* Debug */ = {
			isa = XCBuildConfiguration;
			baseConfigurationReference = 73210551D8F17B2B731901E1 /* Pods-miniUITests.debug.xcconfig */;
			buildSettings = {
				ALWAYS_EMBED_SWIFT_STANDARD_LIBRARIES = YES;
				DEVELOPMENT_TEAM = US722QWU8P;
				INFOPLIST_FILE = miniUITests/Info.plist;
				LD_RUNPATH_SEARCH_PATHS = "$(inherited) @executable_path/Frameworks @loader_path/Frameworks";
				PRODUCT_BUNDLE_IDENTIFIER = cn.remoteHorizonRobot.www.miniUITests;
				PRODUCT_NAME = "$(TARGET_NAME)";
				SWIFT_VERSION = 3.0;
				TEST_TARGET_NAME = mini;
			};
			name = Debug;
		};
		846B410C1ECD712E00973505 /* Release */ = {
			isa = XCBuildConfiguration;
			baseConfigurationReference = 23208B19B72BF35C7C521F20 /* Pods-miniUITests.release.xcconfig */;
			buildSettings = {
				ALWAYS_EMBED_SWIFT_STANDARD_LIBRARIES = YES;
				DEVELOPMENT_TEAM = US722QWU8P;
				INFOPLIST_FILE = miniUITests/Info.plist;
				LD_RUNPATH_SEARCH_PATHS = "$(inherited) @executable_path/Frameworks @loader_path/Frameworks";
				PRODUCT_BUNDLE_IDENTIFIER = cn.remoteHorizonRobot.www.miniUITests;
				PRODUCT_NAME = "$(TARGET_NAME)";
				SWIFT_VERSION = 3.0;
				TEST_TARGET_NAME = mini;
			};
			name = Release;
		};
/* End XCBuildConfiguration section */

/* Begin XCConfigurationList section */
		846B40D71ECD712D00973505 /* Build configuration list for PBXProject "mini" */ = {
			isa = XCConfigurationList;
			buildConfigurations = (
				846B41021ECD712E00973505 /* Debug */,
				846B41031ECD712E00973505 /* Release */,
			);
			defaultConfigurationIsVisible = 0;
			defaultConfigurationName = Release;
		};
		846B41041ECD712E00973505 /* Build configuration list for PBXNativeTarget "mini" */ = {
			isa = XCConfigurationList;
			buildConfigurations = (
				846B41051ECD712E00973505 /* Debug */,
				846B41061ECD712E00973505 /* Release */,
			);
			defaultConfigurationIsVisible = 0;
			defaultConfigurationName = Release;
		};
		846B41071ECD712E00973505 /* Build configuration list for PBXNativeTarget "miniTests" */ = {
			isa = XCConfigurationList;
			buildConfigurations = (
				846B41081ECD712E00973505 /* Debug */,
				846B41091ECD712E00973505 /* Release */,
			);
			defaultConfigurationIsVisible = 0;
			defaultConfigurationName = Release;
		};
		846B410A1ECD712E00973505 /* Build configuration list for PBXNativeTarget "miniUITests" */ = {
			isa = XCConfigurationList;
			buildConfigurations = (
				846B410B1ECD712E00973505 /* Debug */,
				846B410C1ECD712E00973505 /* Release */,
			);
			defaultConfigurationIsVisible = 0;
			defaultConfigurationName = Release;
		};
/* End XCConfigurationList section */
	};
	rootObject = 846B40D41ECD712D00973505 /* Project object */;
}
